
Microsoft Visual Studio Solution File, Format Version 12.00
# Visual Studio 15
Project("{FAE04EC0-301F-11D3-BF4B-00C04F79EFBC}") = "Unity.Timeline", "Unity.Timeline.csproj", "{BFF9085E-15AE-A49A-E3B8-20BE698726E2}"
EndProject
Project("{FAE04EC0-301F-11D3-BF4B-00C04F79EFBC}") = "Unity.Timeline.Editor", "Unity.Timeline.Editor.csproj", "{63CFC1B1-5CBB-C77D-0922-84D544C27D4D}"
EndProject
Project("{FAE04EC0-301F-11D3-BF4B-00C04F79EFBC}") = "Unity.2D.Aseprite.Editor", "Unity.2D.Aseprite.Editor.csproj", "{F264BE99-D803-F7F9-A331-D6C19459D396}"
EndProject
Project("{FAE04EC0-301F-11D3-BF4B-00C04F79EFBC}") = "Unity.VisualScripting.Flow", "Unity.VisualScripting.Flow.csproj", "{DCED731C-779C-5859-546F-0C64C6E8F834}"
EndProject
Project("{FAE04EC0-301F-11D3-BF4B-00C04F79EFBC}") = "Unity.PlasticSCM.Editor", "Unity.PlasticSCM.Editor.csproj", "{947707F6-9C5D-D096-9314-21D49EDEF877}"
EndProject
Project("{FAE04EC0-301F-11D3-BF4B-00C04F79EFBC}") = "Unity.2D.Psdimporter.Editor", "Unity.2D.Psdimporter.Editor.csproj", "{C61D52E2-F03E-01CF-5162-573E6FF54359}"
EndProject
Project("{FAE04EC0-301F-11D3-BF4B-00C04F79EFBC}") = "PhotonChat", "PhotonChat.csproj", "{91F5AE0E-28B6-6BFD-90EF-C25B3BF4260F}"
EndProject
Project("{FAE04EC0-301F-11D3-BF4B-00C04F79EFBC}") = "Unity.VisualScripting.Core", "Unity.VisualScripting.Core.csproj", "{AEF8CB63-21BE-DC6E-C0FE-4905BD311F8F}"
EndProject
Project("{FAE04EC0-301F-11D3-BF4B-00C04F79EFBC}") = "Unity.Mathematics", "Unity.Mathematics.csproj", "{B7C1ECED-F926-9D9F-44A4-91E2B1285546}"
EndProject
Project("{FAE04EC0-301F-11D3-BF4B-00C04F79EFBC}") = "Unity.2D.Animation.Editor", "Unity.2D.Animation.Editor.csproj", "{EB59CC29-82EC-9CD0-11C4-1878E11EA1C2}"
EndProject
Project("{FAE04EC0-301F-11D3-BF4B-00C04F79EFBC}") = "Unity.2D.Common.Path.Editor", "Unity.2D.Common.Path.Editor.csproj", "{B93168D7-40B3-6929-488E-760BDD75DEF1}"
EndProject
Project("{FAE04EC0-301F-11D3-BF4B-00C04F79EFBC}") = "Cinemachine", "Cinemachine.csproj", "{27B09B88-4506-5EB4-D8A2-F5A520743725}"
EndProject
Project("{FAE04EC0-301F-11D3-BF4B-00C04F79EFBC}") = "Unity.VisualScripting.Core.Editor", "Unity.VisualScripting.Core.Editor.csproj", "{45D0A1D1-0CA5-6C92-CA0D-4F1CAAC02A6C}"
EndProject
Project("{FAE04EC0-301F-11D3-BF4B-00C04F79EFBC}") = "PhotonUnityNetworking.Demos", "PhotonUnityNetworking.Demos.csproj", "{E31EF391-25F4-E044-F9EB-EB91994B69E3}"
EndProject
Project("{FAE04EC0-301F-11D3-BF4B-00C04F79EFBC}") = "Unity.2D.IK.Runtime", "Unity.2D.IK.Runtime.csproj", "{87435428-3E5E-2A05-ED85-C66201C7E20C}"
EndProject
Project("{FAE04EC0-301F-11D3-BF4B-00C04F79EFBC}") = "Unity.VisualScripting.Flow.Editor", "Unity.VisualScripting.Flow.Editor.csproj", "{91729F6E-B0A8-8B1B-C67A-D585B4D652B4}"
EndProject
Project("{FAE04EC0-301F-11D3-BF4B-00C04F79EFBC}") = "UnityEditor.TestRunner", "UnityEditor.TestRunner.csproj", "{4786AF56-711A-0841-24BB-451CC3A16853}"
EndProject
Project("{FAE04EC0-301F-11D3-BF4B-00C04F79EFBC}") = "Unity.VisualScripting.SettingsProvider.Editor", "Unity.VisualScripting.SettingsProvider.Editor.csproj", "{67B3DDEA-86DB-3F6C-BF0F-537683BBC4C5}"
EndProject
Project("{FAE04EC0-301F-11D3-BF4B-00C04F79EFBC}") = "UnityEngine.TestRunner", "UnityEngine.TestRunner.csproj", "{77626A1D-6011-11E3-25E1-C1D9FE8F78D2}"
EndProject
Project("{FAE04EC0-301F-11D3-BF4B-00C04F79EFBC}") = "PsdPlugin", "PsdPlugin.csproj", "{13845CED-FAF0-B007-547C-68AFBCA28E33}"
EndProject
Project("{FAE04EC0-301F-11D3-BF4B-00C04F79EFBC}") = "Assembly-CSharp", "Assembly-CSharp.csproj", "{A561338A-03FE-0300-9D42-17210B67B793}"
EndProject
Project("{FAE04EC0-301F-11D3-BF4B-00C04F79EFBC}") = "Unity.Burst", "Unity.Burst.csproj", "{02934069-48BF-531A-99DB-FDB0241C2D3A}"
EndProject
Project("{FAE04EC0-301F-11D3-BF4B-00C04F79EFBC}") = "PhotonRealtime", "PhotonRealtime.csproj", "{B889715B-F893-25CA-043C-E82798C294C5}"
EndProject
Project("{FAE04EC0-301F-11D3-BF4B-00C04F79EFBC}") = "Unity.2D.SpriteShape.Editor", "Unity.2D.SpriteShape.Editor.csproj", "{B1606842-A09B-FF1F-D238-368FAB9B55D8}"
EndProject
Project("{FAE04EC0-301F-11D3-BF4B-00C04F79EFBC}") = "Unity.Collections", "Unity.Collections.csproj", "{F3AA6EAE-18C8-C766-7C50-80CF6C75A57F}"
EndProject
Project("{FAE04EC0-301F-11D3-BF4B-00C04F79EFBC}") = "Unity.VisualStudio.Editor", "Unity.VisualStudio.Editor.csproj", "{B429C878-A228-1C2C-B05C-88AA56BB063F}"
EndProject
Project("{FAE04EC0-301F-11D3-BF4B-00C04F79EFBC}") = "com.unity.cinemachine.editor", "com.unity.cinemachine.editor.csproj", "{BDB63068-D2C4-8459-CA00-A8B88F804D2D}"
EndProject
Project("{FAE04EC0-301F-11D3-BF4B-00C04F79EFBC}") = "Unity.2D.Tilemap.Extras.Editor", "Unity.2D.Tilemap.Extras.Editor.csproj", "{40F05E66-98AC-0FA6-CB4E-0BBB17359421}"
EndProject
Project("{FAE04EC0-301F-11D3-BF4B-00C04F79EFBC}") = "Unity.Rider.Editor", "Unity.Rider.Editor.csproj", "{967479B4-16E7-4922-7CD4-23977461AB64}"
EndProject
Project("{FAE04EC0-301F-11D3-BF4B-00C04F79EFBC}") = "PhotonUnityNetworking.Editor", "PhotonUnityNetworking.Editor.csproj", "{A650A876-0DC2-6B45-7CAF-748BC88D677E}"
EndProject
Project("{FAE04EC0-301F-11D3-BF4B-00C04F79EFBC}") = "Unity.InternalAPIEditorBridge.001", "Unity.InternalAPIEditorBridge.001.csproj", "{DCD31037-50A6-66A8-06C7-09B86CC0ED74}"
EndProject
Project("{FAE04EC0-301F-11D3-BF4B-00C04F79EFBC}") = "Unity.2D.SpriteShape.Runtime", "Unity.2D.SpriteShape.Runtime.csproj", "{0389A1D0-E7D7-8F21-5F3E-FCF0BA8D2AD4}"
EndProject
Project("{FAE04EC0-301F-11D3-BF4B-00C04F79EFBC}") = "Unity.VisualScripting.State.Editor", "Unity.VisualScripting.State.Editor.csproj", "{71F82775-8505-1483-12B3-8CAC902A1BBB}"
EndProject
Project("{FAE04EC0-301F-11D3-BF4B-00C04F79EFBC}") = "Unity.2D.Animation.Runtime", "Unity.2D.Animation.Runtime.csproj", "{02FF11F3-F71D-2A51-B546-480BEDCEEFD1}"
EndProject
Project("{FAE04EC0-301F-11D3-BF4B-00C04F79EFBC}") = "Unity.Burst.CodeGen", "Unity.Burst.CodeGen.csproj", "{22AF2714-E811-6A1F-148F-2DF763396978}"
EndProject
Project("{FAE04EC0-301F-11D3-BF4B-00C04F79EFBC}") = "PhotonUnityNetworking", "PhotonUnityNetworking.csproj", "{B4CA5CD6-F9CA-4030-6158-855782F3A2FF}"
EndProject
Project("{FAE04EC0-301F-11D3-BF4B-00C04F79EFBC}") = "Unity.2D.Tilemap.Extras", "Unity.2D.Tilemap.Extras.csproj", "{D2E4227B-1D9B-1DC4-2869-EC4FFBDC8ECD}"
EndProject
Project("{FAE04EC0-301F-11D3-BF4B-00C04F79EFBC}") = "Unity.VisualScripting.State", "Unity.VisualScripting.State.csproj", "{655EFFAA-110F-4B2A-34C0-FA0E5B1C7E60}"
EndProject
Project("{FAE04EC0-301F-11D3-BF4B-00C04F79EFBC}") = "Unity.2D.Aseprite.Common", "Unity.2D.Aseprite.Common.csproj", "{C8DC0995-CD03-835E-D69B-8D9A359FED61}"
EndProject
Project("{FAE04EC0-301F-11D3-BF4B-00C04F79EFBC}") = "Unity.2D.IK.Editor", "Unity.2D.IK.Editor.csproj", "{D62862AD-0560-D35C-3675-4FDE95C47C1C}"
EndProject
Project("{FAE04EC0-301F-11D3-BF4B-00C04F79EFBC}") = "Unity.InternalAPIEngineBridge.001", "Unity.InternalAPIEngineBridge.001.csproj", "{86F9DBA5-4783-EF36-54B7-AED93DA2F23A}"
EndProject
Project("{FAE04EC0-301F-11D3-BF4B-00C04F79EFBC}") = "Unity.Burst.Editor", "Unity.Burst.Editor.csproj", "{764B9665-F27D-BC78-FF7A-EE87D67A7E08}"
EndProject
Project("{FAE04EC0-301F-11D3-BF4B-00C04F79EFBC}") = "Unity.2D.Common.Editor", "Unity.2D.Common.Editor.csproj", "{804D4105-3E96-3E6C-7C44-C6A0F7A0F8AE}"
EndProject
Project("{FAE04EC0-301F-11D3-BF4B-00C04F79EFBC}") = "Unity.Sysroot.Linux_x86_64", "Unity.Sysroot.Linux_x86_64.csproj", "{EC7F5EE0-B6AE-F321-D346-3FD3A36C945C}"
EndProject
Project("{FAE04EC0-301F-11D3-BF4B-00C04F79EFBC}") = "PhotonUnityNetworking.Utilities.PhotonPlayer.Editor", "PhotonUnityNetworking.Utilities.PhotonPlayer.Editor.csproj", "{5C244757-0DA3-FC3A-348E-D270ACBE39CA}"
EndProject
Project("{FAE04EC0-301F-11D3-BF4B-00C04F79EFBC}") = "Unity.2D.PixelPerfect", "Unity.2D.PixelPerfect.csproj", "{AF9BF25E-D17E-400D-7EA3-94767E58A1C9}"
EndProject
Project("{FAE04EC0-301F-11D3-BF4B-00C04F79EFBC}") = "Unity.2D.PixelPerfect.Editor", "Unity.2D.PixelPerfect.Editor.csproj", "{A4061830-000A-9BDD-69FE-96EFA42DEEC2}"
EndProject
Project("{FAE04EC0-301F-11D3-BF4B-00C04F79EFBC}") = "Unity.2D.Common.Runtime", "Unity.2D.Common.Runtime.csproj", "{683EE978-8DDE-3FF0-CE2C-0CC4E59456EE}"
EndProject
Project("{FAE04EC0-301F-11D3-BF4B-00C04F79EFBC}") = "PhotonUnityNetworking.Utilities", "PhotonUnityNetworking.Utilities.csproj", "{95B1311B-A718-03C7-960F-35300EA09C3E}"
EndProject
Project("{FAE04EC0-301F-11D3-BF4B-00C04F79EFBC}") = "Unity.Mathematics.Editor", "Unity.Mathematics.Editor.csproj", "{EA055475-4E3D-36F4-32FA-6422DAE78848}"
EndProject
Project("{FAE04EC0-301F-11D3-BF4B-00C04F79EFBC}") = "PunDemos.DemoSlotcarEditor", "PunDemos.DemoSlotcarEditor.csproj", "{C297D35D-BE73-5926-BACB-5186C2ADE85E}"
EndProject
Project("{FAE04EC0-301F-11D3-BF4B-00C04F79EFBC}") = "Unity.SysrootPackage.Editor", "Unity.SysrootPackage.Editor.csproj", "{A32CC601-09F7-25F7-1252-DCF849D74983}"
EndProject
Project("{FAE04EC0-301F-11D3-BF4B-00C04F79EFBC}") = "PhotonUnityNetworking.Utilities.Culling.Editor", "PhotonUnityNetworking.Utilities.Culling.Editor.csproj", "{93A6EB7E-A7D1-D1D7-6C86-91DC802C262A}"
EndProject
Project("{FAE04EC0-301F-11D3-BF4B-00C04F79EFBC}") = "Unity.Collections.BurstCompatibilityGen", "Unity.Collections.BurstCompatibilityGen.csproj", "{49AD13B6-818B-A53A-A810-E8EDB16D11E2}"
EndProject
Project("{FAE04EC0-301F-11D3-BF4B-00C04F79EFBC}") = "PunDemos.DemoHubEditor", "PunDemos.DemoHubEditor.csproj", "{FABD3A02-1B12-7817-86D2-9E056740A67A}"
EndProject
Project("{FAE04EC0-301F-11D3-BF4B-00C04F79EFBC}") = "Assembly-CSharp-Editor", "Assembly-CSharp-Editor.csproj", "{78040459-6670-40EC-A074-FEDC0F18DEA9}"
EndProject
Project("{FAE04EC0-301F-11D3-BF4B-00C04F79EFBC}") = "Unity.VisualScripting.Shared.Editor", "Unity.VisualScripting.Shared.Editor.csproj", "{871241C2-AB04-2A4C-20CE-FBE4A0911063}"
EndProject
Project("{FAE04EC0-301F-11D3-BF4B-00C04F79EFBC}") = "Unity.Collections.DocCodeSamples", "Unity.Collections.DocCodeSamples.csproj", "{2F18AA88-5865-4A6C-AAE8-A5FBE25A4295}"
EndProject
Project("{FAE04EC0-301F-11D3-BF4B-00C04F79EFBC}") = "Unity.Toolchain.Win-x86_64-Linux-x86_64", "Unity.Toolchain.Win-x86_64-Linux-x86_64.csproj", "{7D7E0DFE-552D-F930-23D5-01201D7EB590}"
EndProject
Project("{FAE04EC0-301F-11D3-BF4B-00C04F79EFBC}") = "Unity.CollabProxy.Editor", "Unity.CollabProxy.Editor.csproj", "{7AA73E41-D676-7817-8E95-CEBBF93452A8}"
EndProject
Global
	GlobalSection(SolutionConfigurationPlatforms) = preSolution
		Debug|Any CPU = Debug|Any CPU
		Release|Any CPU = Release|Any CPU
	EndGlobalSection
	GlobalSection(ProjectConfigurationPlatforms) = postSolution
		{BFF9085E-15AE-A49A-E3B8-20BE698726E2}.Debug|Any CPU.ActiveCfg = Debug|Any CPU
		{BFF9085E-15AE-A49A-E3B8-20BE698726E2}.Debug|Any CPU.Build.0 = Debug|Any CPU
		{BFF9085E-15AE-A49A-E3B8-20BE698726E2}.Release|Any CPU.ActiveCfg = Release|Any CPU
		{BFF9085E-15AE-A49A-E3B8-20BE698726E2}.Release|Any CPU.Build.0 = Release|Any CPU
		{63CFC1B1-5CBB-C77D-0922-84D544C27D4D}.Debug|Any CPU.ActiveCfg = Debug|Any CPU
		{63CFC1B1-5CBB-C77D-0922-84D544C27D4D}.Debug|Any CPU.Build.0 = Debug|Any CPU
		{63CFC1B1-5CBB-C77D-0922-84D544C27D4D}.Release|Any CPU.ActiveCfg = Release|Any CPU
		{63CFC1B1-5CBB-C77D-0922-84D544C27D4D}.Release|Any CPU.Build.0 = Release|Any CPU
		{F264BE99-D803-F7F9-A331-D6C19459D396}.Debug|Any CPU.ActiveCfg = Debug|Any CPU
		{F264BE99-D803-F7F9-A331-D6C19459D396}.Debug|Any CPU.Build.0 = Debug|Any CPU
		{F264BE99-D803-F7F9-A331-D6C19459D396}.Release|Any CPU.ActiveCfg = Release|Any CPU
		{F264BE99-D803-F7F9-A331-D6C19459D396}.Release|Any CPU.Build.0 = Release|Any CPU
		{DCED731C-779C-5859-546F-0C64C6E8F834}.Debug|Any CPU.ActiveCfg = Debug|Any CPU
		{DCED731C-779C-5859-546F-0C64C6E8F834}.Debug|Any CPU.Build.0 = Debug|Any CPU
		{DCED731C-779C-5859-546F-0C64C6E8F834}.Release|Any CPU.ActiveCfg = Release|Any CPU
		{DCED731C-779C-5859-546F-0C64C6E8F834}.Release|Any CPU.Build.0 = Release|Any CPU
		{947707F6-9C5D-D096-9314-21D49EDEF877}.Debug|Any CPU.ActiveCfg = Debug|Any CPU
		{947707F6-9C5D-D096-9314-21D49EDEF877}.Debug|Any CPU.Build.0 = Debug|Any CPU
		{947707F6-9C5D-D096-9314-21D49EDEF877}.Release|Any CPU.ActiveCfg = Release|Any CPU
		{947707F6-9C5D-D096-9314-21D49EDEF877}.Release|Any CPU.Build.0 = Release|Any CPU
		{C61D52E2-F03E-01CF-5162-573E6FF54359}.Debug|Any CPU.ActiveCfg = Debug|Any CPU
		{C61D52E2-F03E-01CF-5162-573E6FF54359}.Debug|Any CPU.Build.0 = Debug|Any CPU
		{C61D52E2-F03E-01CF-5162-573E6FF54359}.Release|Any CPU.ActiveCfg = Release|Any CPU
		{C61D52E2-F03E-01CF-5162-573E6FF54359}.Release|Any CPU.Build.0 = Release|Any CPU
		{91F5AE0E-28B6-6BFD-90EF-C25B3BF4260F}.Debug|Any CPU.ActiveCfg = Debug|Any CPU
		{91F5AE0E-28B6-6BFD-90EF-C25B3BF4260F}.Debug|Any CPU.Build.0 = Debug|Any CPU
		{91F5AE0E-28B6-6BFD-90EF-C25B3BF4260F}.Release|Any CPU.ActiveCfg = Release|Any CPU
		{91F5AE0E-28B6-6BFD-90EF-C25B3BF4260F}.Release|Any CPU.Build.0 = Release|Any CPU
		{AEF8CB63-21BE-DC6E-C0FE-4905BD311F8F}.Debug|Any CPU.ActiveCfg = Debug|Any CPU
		{AEF8CB63-21BE-DC6E-C0FE-4905BD311F8F}.Debug|Any CPU.Build.0 = Debug|Any CPU
		{AEF8CB63-21BE-DC6E-C0FE-4905BD311F8F}.Release|Any CPU.ActiveCfg = Release|Any CPU
		{AEF8CB63-21BE-DC6E-C0FE-4905BD311F8F}.Release|Any CPU.Build.0 = Release|Any CPU
		{B7C1ECED-F926-9D9F-44A4-91E2B1285546}.Debug|Any CPU.ActiveCfg = Debug|Any CPU
		{B7C1ECED-F926-9D9F-44A4-91E2B1285546}.Debug|Any CPU.Build.0 = Debug|Any CPU
		{B7C1ECED-F926-9D9F-44A4-91E2B1285546}.Release|Any CPU.ActiveCfg = Release|Any CPU
		{B7C1ECED-F926-9D9F-44A4-91E2B1285546}.Release|Any CPU.Build.0 = Release|Any CPU
		{EB59CC29-82EC-9CD0-11C4-1878E11EA1C2}.Debug|Any CPU.ActiveCfg = Debug|Any CPU
		{EB59CC29-82EC-9CD0-11C4-1878E11EA1C2}.Debug|Any CPU.Build.0 = Debug|Any CPU
		{EB59CC29-82EC-9CD0-11C4-1878E11EA1C2}.Release|Any CPU.ActiveCfg = Release|Any CPU
		{EB59CC29-82EC-9CD0-11C4-1878E11EA1C2}.Release|Any CPU.Build.0 = Release|Any CPU
		{B93168D7-40B3-6929-488E-760BDD75DEF1}.Debug|Any CPU.ActiveCfg = Debug|Any CPU
		{B93168D7-40B3-6929-488E-760BDD75DEF1}.Debug|Any CPU.Build.0 = Debug|Any CPU
		{B93168D7-40B3-6929-488E-760BDD75DEF1}.Release|Any CPU.ActiveCfg = Release|Any CPU
		{B93168D7-40B3-6929-488E-760BDD75DEF1}.Release|Any CPU.Build.0 = Release|Any CPU
		{27B09B88-4506-5EB4-D8A2-F5A520743725}.Debug|Any CPU.ActiveCfg = Debug|Any CPU
		{27B09B88-4506-5EB4-D8A2-F5A520743725}.Debug|Any CPU.Build.0 = Debug|Any CPU
		{27B09B88-4506-5EB4-D8A2-F5A520743725}.Release|Any CPU.ActiveCfg = Release|Any CPU
		{27B09B88-4506-5EB4-D8A2-F5A520743725}.Release|Any CPU.Build.0 = Release|Any CPU
		{45D0A1D1-0CA5-6C92-CA0D-4F1CAAC02A6C}.Debug|Any CPU.ActiveCfg = Debug|Any CPU
		{45D0A1D1-0CA5-6C92-CA0D-4F1CAAC02A6C}.Debug|Any CPU.Build.0 = Debug|Any CPU
		{45D0A1D1-0CA5-6C92-CA0D-4F1CAAC02A6C}.Release|Any CPU.ActiveCfg = Release|Any CPU
		{45D0A1D1-0CA5-6C92-CA0D-4F1CAAC02A6C}.Release|Any CPU.Build.0 = Release|Any CPU
		{E31EF391-25F4-E044-F9EB-EB91994B69E3}.Debug|Any CPU.ActiveCfg = Debug|Any CPU
		{E31EF391-25F4-E044-F9EB-EB91994B69E3}.Debug|Any CPU.Build.0 = Debug|Any CPU
		{E31EF391-25F4-E044-F9EB-EB91994B69E3}.Release|Any CPU.ActiveCfg = Release|Any CPU
		{E31EF391-25F4-E044-F9EB-EB91994B69E3}.Release|Any CPU.Build.0 = Release|Any CPU
		{87435428-3E5E-2A05-ED85-C66201C7E20C}.Debug|Any CPU.ActiveCfg = Debug|Any CPU
		{87435428-3E5E-2A05-ED85-C66201C7E20C}.Debug|Any CPU.Build.0 = Debug|Any CPU
		{87435428-3E5E-2A05-ED85-C66201C7E20C}.Release|Any CPU.ActiveCfg = Release|Any CPU
		{87435428-3E5E-2A05-ED85-C66201C7E20C}.Release|Any CPU.Build.0 = Release|Any CPU
		{91729F6E-B0A8-8B1B-C67A-D585B4D652B4}.Debug|Any CPU.ActiveCfg = Debug|Any CPU
		{91729F6E-B0A8-8B1B-C67A-D585B4D652B4}.Debug|Any CPU.Build.0 = Debug|Any CPU
		{91729F6E-B0A8-8B1B-C67A-D585B4D652B4}.Release|Any CPU.ActiveCfg = Release|Any CPU
		{91729F6E-B0A8-8B1B-C67A-D585B4D652B4}.Release|Any CPU.Build.0 = Release|Any CPU
		{4786AF56-711A-0841-24BB-451CC3A16853}.Debug|Any CPU.ActiveCfg = Debug|Any CPU
		{4786AF56-711A-0841-24BB-451CC3A16853}.Debug|Any CPU.Build.0 = Debug|Any CPU
		{4786AF56-711A-0841-24BB-451CC3A16853}.Release|Any CPU.ActiveCfg = Release|Any CPU
		{4786AF56-711A-0841-24BB-451CC3A16853}.Release|Any CPU.Build.0 = Release|Any CPU
		{67B3DDEA-86DB-3F6C-BF0F-537683BBC4C5}.Debug|Any CPU.ActiveCfg = Debug|Any CPU
		{67B3DDEA-86DB-3F6C-BF0F-537683BBC4C5}.Debug|Any CPU.Build.0 = Debug|Any CPU
		{67B3DDEA-86DB-3F6C-BF0F-537683BBC4C5}.Release|Any CPU.ActiveCfg = Release|Any CPU
		{67B3DDEA-86DB-3F6C-BF0F-537683BBC4C5}.Release|Any CPU.Build.0 = Release|Any CPU
		{77626A1D-6011-11E3-25E1-C1D9FE8F78D2}.Debug|Any CPU.ActiveCfg = Debug|Any CPU
		{77626A1D-6011-11E3-25E1-C1D9FE8F78D2}.Debug|Any CPU.Build.0 = Debug|Any CPU
		{77626A1D-6011-11E3-25E1-C1D9FE8F78D2}.Release|Any CPU.ActiveCfg = Release|Any CPU
		{77626A1D-6011-11E3-25E1-C1D9FE8F78D2}.Release|Any CPU.Build.0 = Release|Any CPU
		{13845CED-FAF0-B007-547C-68AFBCA28E33}.Debug|Any CPU.ActiveCfg = Debug|Any CPU
		{13845CED-FAF0-B007-547C-68AFBCA28E33}.Debug|Any CPU.Build.0 = Debug|Any CPU
		{13845CED-FAF0-B007-547C-68AFBCA28E33}.Release|Any CPU.ActiveCfg = Release|Any CPU
		{13845CED-FAF0-B007-547C-68AFBCA28E33}.Release|Any CPU.Build.0 = Release|Any CPU
		{A561338A-03FE-0300-9D42-17210B67B793}.Debug|Any CPU.ActiveCfg = Debug|Any CPU
		{A561338A-03FE-0300-9D42-17210B67B793}.Debug|Any CPU.Build.0 = Debug|Any CPU
		{A561338A-03FE-0300-9D42-17210B67B793}.Release|Any CPU.ActiveCfg = Release|Any CPU
		{A561338A-03FE-0300-9D42-17210B67B793}.Release|Any CPU.Build.0 = Release|Any CPU
		{02934069-48BF-531A-99DB-FDB0241C2D3A}.Debug|Any CPU.ActiveCfg = Debug|Any CPU
		{02934069-48BF-531A-99DB-FDB0241C2D3A}.Debug|Any CPU.Build.0 = Debug|Any CPU
		{02934069-48BF-531A-99DB-FDB0241C2D3A}.Release|Any CPU.ActiveCfg = Release|Any CPU
		{02934069-48BF-531A-99DB-FDB0241C2D3A}.Release|Any CPU.Build.0 = Release|Any CPU
		{B889715B-F893-25CA-043C-E82798C294C5}.Debug|Any CPU.ActiveCfg = Debug|Any CPU
		{B889715B-F893-25CA-043C-E82798C294C5}.Debug|Any CPU.Build.0 = Debug|Any CPU
		{B889715B-F893-25CA-043C-E82798C294C5}.Release|Any CPU.ActiveCfg = Release|Any CPU
		{B889715B-F893-25CA-043C-E82798C294C5}.Release|Any CPU.Build.0 = Release|Any CPU
		{B1606842-A09B-FF1F-D238-368FAB9B55D8}.Debug|Any CPU.ActiveCfg = Debug|Any CPU
		{B1606842-A09B-FF1F-D238-368FAB9B55D8}.Debug|Any CPU.Build.0 = Debug|Any CPU
		{B1606842-A09B-FF1F-D238-368FAB9B55D8}.Release|Any CPU.ActiveCfg = Release|Any CPU
		{B1606842-A09B-FF1F-D238-368FAB9B55D8}.Release|Any CPU.Build.0 = Release|Any CPU
		{F3AA6EAE-18C8-C766-7C50-80CF6C75A57F}.Debug|Any CPU.ActiveCfg = Debug|Any CPU
		{F3AA6EAE-18C8-C766-7C50-80CF6C75A57F}.Debug|Any CPU.Build.0 = Debug|Any CPU
		{F3AA6EAE-18C8-C766-7C50-80CF6C75A57F}.Release|Any CPU.ActiveCfg = Release|Any CPU
		{F3AA6EAE-18C8-C766-7C50-80CF6C75A57F}.Release|Any CPU.Build.0 = Release|Any CPU
		{B429C878-A228-1C2C-B05C-88AA56BB063F}.Debug|Any CPU.ActiveCfg = Debug|Any CPU
		{B429C878-A228-1C2C-B05C-88AA56BB063F}.Debug|Any CPU.Build.0 = Debug|Any CPU
		{B429C878-A228-1C2C-B05C-88AA56BB063F}.Release|Any CPU.ActiveCfg = Release|Any CPU
		{B429C878-A228-1C2C-B05C-88AA56BB063F}.Release|Any CPU.Build.0 = Release|Any CPU
		{BDB63068-D2C4-8459-CA00-A8B88F804D2D}.Debug|Any CPU.ActiveCfg = Debug|Any CPU
		{BDB63068-D2C4-8459-CA00-A8B88F804D2D}.Debug|Any CPU.Build.0 = Debug|Any CPU
		{BDB63068-D2C4-8459-CA00-A8B88F804D2D}.Release|Any CPU.ActiveCfg = Release|Any CPU
		{BDB63068-D2C4-8459-CA00-A8B88F804D2D}.Release|Any CPU.Build.0 = Release|Any CPU
		{40F05E66-98AC-0FA6-CB4E-0BBB17359421}.Debug|Any CPU.ActiveCfg = Debug|Any CPU
		{40F05E66-98AC-0FA6-CB4E-0BBB17359421}.Debug|Any CPU.Build.0 = Debug|Any CPU
		{40F05E66-98AC-0FA6-CB4E-0BBB17359421}.Release|Any CPU.ActiveCfg = Release|Any CPU
		{40F05E66-98AC-0FA6-CB4E-0BBB17359421}.Release|Any CPU.Build.0 = Release|Any CPU
		{967479B4-16E7-4922-7CD4-23977461AB64}.Debug|Any CPU.ActiveCfg = Debug|Any CPU
		{967479B4-16E7-4922-7CD4-23977461AB64}.Debug|Any CPU.Build.0 = Debug|Any CPU
		{967479B4-16E7-4922-7CD4-23977461AB64}.Release|Any CPU.ActiveCfg = Release|Any CPU
		{967479B4-16E7-4922-7CD4-23977461AB64}.Release|Any CPU.Build.0 = Release|Any CPU
		{A650A876-0DC2-6B45-7CAF-748BC88D677E}.Debug|Any CPU.ActiveCfg = Debug|Any CPU
		{A650A876-0DC2-6B45-7CAF-748BC88D677E}.Debug|Any CPU.Build.0 = Debug|Any CPU
		{A650A876-0DC2-6B45-7CAF-748BC88D677E}.Release|Any CPU.ActiveCfg = Release|Any CPU
		{A650A876-0DC2-6B45-7CAF-748BC88D677E}.Release|Any CPU.Build.0 = Release|Any CPU
		{DCD31037-50A6-66A8-06C7-09B86CC0ED74}.Debug|Any CPU.ActiveCfg = Debug|Any CPU
		{DCD31037-50A6-66A8-06C7-09B86CC0ED74}.Debug|Any CPU.Build.0 = Debug|Any CPU
		{DCD31037-50A6-66A8-06C7-09B86CC0ED74}.Release|Any CPU.ActiveCfg = Release|Any CPU
		{DCD31037-50A6-66A8-06C7-09B86CC0ED74}.Release|Any CPU.Build.0 = Release|Any CPU
		{0389A1D0-E7D7-8F21-5F3E-FCF0BA8D2AD4}.Debug|Any CPU.ActiveCfg = Debug|Any CPU
		{0389A1D0-E7D7-8F21-5F3E-FCF0BA8D2AD4}.Debug|Any CPU.Build.0 = Debug|Any CPU
		{0389A1D0-E7D7-8F21-5F3E-FCF0BA8D2AD4}.Release|Any CPU.ActiveCfg = Release|Any CPU
		{0389A1D0-E7D7-8F21-5F3E-FCF0BA8D2AD4}.Release|Any CPU.Build.0 = Release|Any CPU
		{71F82775-8505-1483-12B3-8CAC902A1BBB}.Debug|Any CPU.ActiveCfg = Debug|Any CPU
		{71F82775-8505-1483-12B3-8CAC902A1BBB}.Debug|Any CPU.Build.0 = Debug|Any CPU
		{71F82775-8505-1483-12B3-8CAC902A1BBB}.Release|Any CPU.ActiveCfg = Release|Any CPU
		{71F82775-8505-1483-12B3-8CAC902A1BBB}.Release|Any CPU.Build.0 = Release|Any CPU
		{02FF11F3-F71D-2A51-B546-480BEDCEEFD1}.Debug|Any CPU.ActiveCfg = Debug|Any CPU
		{02FF11F3-F71D-2A51-B546-480BEDCEEFD1}.Debug|Any CPU.Build.0 = Debug|Any CPU
		{02FF11F3-F71D-2A51-B546-480BEDCEEFD1}.Release|Any CPU.ActiveCfg = Release|Any CPU
		{02FF11F3-F71D-2A51-B546-480BEDCEEFD1}.Release|Any CPU.Build.0 = Release|Any CPU
		{22AF2714-E811-6A1F-148F-2DF763396978}.Debug|Any CPU.ActiveCfg = Debug|Any CPU
		{22AF2714-E811-6A1F-148F-2DF763396978}.Debug|Any CPU.Build.0 = Debug|Any CPU
		{22AF2714-E811-6A1F-148F-2DF763396978}.Release|Any CPU.ActiveCfg = Release|Any CPU
		{22AF2714-E811-6A1F-148F-2DF763396978}.Release|Any CPU.Build.0 = Release|Any CPU
		{B4CA5CD6-F9CA-4030-6158-855782F3A2FF}.Debug|Any CPU.ActiveCfg = Debug|Any CPU
		{B4CA5CD6-F9CA-4030-6158-855782F3A2FF}.Debug|Any CPU.Build.0 = Debug|Any CPU
		{B4CA5CD6-F9CA-4030-6158-855782F3A2FF}.Release|Any CPU.ActiveCfg = Release|Any CPU
		{B4CA5CD6-F9CA-4030-6158-855782F3A2FF}.Release|Any CPU.Build.0 = Release|Any CPU
		{D2E4227B-1D9B-1DC4-2869-EC4FFBDC8ECD}.Debug|Any CPU.ActiveCfg = Debug|Any CPU
		{D2E4227B-1D9B-1DC4-2869-EC4FFBDC8ECD}.Debug|Any CPU.Build.0 = Debug|Any CPU
		{D2E4227B-1D9B-1DC4-2869-EC4FFBDC8ECD}.Release|Any CPU.ActiveCfg = Release|Any CPU
		{D2E4227B-1D9B-1DC4-2869-EC4FFBDC8ECD}.Release|Any CPU.Build.0 = Release|Any CPU
		{655EFFAA-110F-4B2A-34C0-FA0E5B1C7E60}.Debug|Any CPU.ActiveCfg = Debug|Any CPU
		{655EFFAA-110F-4B2A-34C0-FA0E5B1C7E60}.Debug|Any CPU.Build.0 = Debug|Any CPU
		{655EFFAA-110F-4B2A-34C0-FA0E5B1C7E60}.Release|Any CPU.ActiveCfg = Release|Any CPU
		{655EFFAA-110F-4B2A-34C0-FA0E5B1C7E60}.Release|Any CPU.Build.0 = Release|Any CPU
		{C8DC0995-CD03-835E-D69B-8D9A359FED61}.Debug|Any CPU.ActiveCfg = Debug|Any CPU
		{C8DC0995-CD03-835E-D69B-8D9A359FED61}.Debug|Any CPU.Build.0 = Debug|Any CPU
		{C8DC0995-CD03-835E-D69B-8D9A359FED61}.Release|Any CPU.ActiveCfg = Release|Any CPU
		{C8DC0995-CD03-835E-D69B-8D9A359FED61}.Release|Any CPU.Build.0 = Release|Any CPU
		{D62862AD-0560-D35C-3675-4FDE95C47C1C}.Debug|Any CPU.ActiveCfg = Debug|Any CPU
		{D62862AD-0560-D35C-3675-4FDE95C47C1C}.Debug|Any CPU.Build.0 = Debug|Any CPU
		{D62862AD-0560-D35C-3675-4FDE95C47C1C}.Release|Any CPU.ActiveCfg = Release|Any CPU
		{D62862AD-0560-D35C-3675-4FDE95C47C1C}.Release|Any CPU.Build.0 = Release|Any CPU
		{86F9DBA5-4783-EF36-54B7-AED93DA2F23A}.Debug|Any CPU.ActiveCfg = Debug|Any CPU
		{86F9DBA5-4783-EF36-54B7-AED93DA2F23A}.Debug|Any CPU.Build.0 = Debug|Any CPU
		{86F9DBA5-4783-EF36-54B7-AED93DA2F23A}.Release|Any CPU.ActiveCfg = Release|Any CPU
		{86F9DBA5-4783-EF36-54B7-AED93DA2F23A}.Release|Any CPU.Build.0 = Release|Any CPU
		{764B9665-F27D-BC78-FF7A-EE87D67A7E08}.Debug|Any CPU.ActiveCfg = Debug|Any CPU
		{764B9665-F27D-BC78-FF7A-EE87D67A7E08}.Debug|Any CPU.Build.0 = Debug|Any CPU
		{764B9665-F27D-BC78-FF7A-EE87D67A7E08}.Release|Any CPU.ActiveCfg = Release|Any CPU
		{764B9665-F27D-BC78-FF7A-EE87D67A7E08}.Release|Any CPU.Build.0 = Release|Any CPU
		{804D4105-3E96-3E6C-7C44-C6A0F7A0F8AE}.Debug|Any CPU.ActiveCfg = Debug|Any CPU
		{804D4105-3E96-3E6C-7C44-C6A0F7A0F8AE}.Debug|Any CPU.Build.0 = Debug|Any CPU
		{804D4105-3E96-3E6C-7C44-C6A0F7A0F8AE}.Release|Any CPU.ActiveCfg = Release|Any CPU
		{804D4105-3E96-3E6C-7C44-C6A0F7A0F8AE}.Release|Any CPU.Build.0 = Release|Any CPU
		{EC7F5EE0-B6AE-F321-D346-3FD3A36C945C}.Debug|Any CPU.ActiveCfg = Debug|Any CPU
		{EC7F5EE0-B6AE-F321-D346-3FD3A36C945C}.Debug|Any CPU.Build.0 = Debug|Any CPU
		{EC7F5EE0-B6AE-F321-D346-3FD3A36C945C}.Release|Any CPU.ActiveCfg = Release|Any CPU
		{EC7F5EE0-B6AE-F321-D346-3FD3A36C945C}.Release|Any CPU.Build.0 = Release|Any CPU
		{5C244757-0DA3-FC3A-348E-D270ACBE39CA}.Debug|Any CPU.ActiveCfg = Debug|Any CPU
		{5C244757-0DA3-FC3A-348E-D270ACBE39CA}.Debug|Any CPU.Build.0 = Debug|Any CPU
		{5C244757-0DA3-FC3A-348E-D270ACBE39CA}.Release|Any CPU.ActiveCfg = Release|Any CPU
		{5C244757-0DA3-FC3A-348E-D270ACBE39CA}.Release|Any CPU.Build.0 = Release|Any CPU
		{AF9BF25E-D17E-400D-7EA3-94767E58A1C9}.Debug|Any CPU.ActiveCfg = Debug|Any CPU
		{AF9BF25E-D17E-400D-7EA3-94767E58A1C9}.Debug|Any CPU.Build.0 = Debug|Any CPU
		{AF9BF25E-D17E-400D-7EA3-94767E58A1C9}.Release|Any CPU.ActiveCfg = Release|Any CPU
		{AF9BF25E-D17E-400D-7EA3-94767E58A1C9}.Release|Any CPU.Build.0 = Release|Any CPU
		{A4061830-000A-9BDD-69FE-96EFA42DEEC2}.Debug|Any CPU.ActiveCfg = Debug|Any CPU
		{A4061830-000A-9BDD-69FE-96EFA42DEEC2}.Debug|Any CPU.Build.0 = Debug|Any CPU
		{A4061830-000A-9BDD-69FE-96EFA42DEEC2}.Release|Any CPU.ActiveCfg = Release|Any CPU
		{A4061830-000A-9BDD-69FE-96EFA42DEEC2}.Release|Any CPU.Build.0 = Release|Any CPU
		{683EE978-8DDE-3FF0-CE2C-0CC4E59456EE}.Debug|Any CPU.ActiveCfg = Debug|Any CPU
		{683EE978-8DDE-3FF0-CE2C-0CC4E59456EE}.Debug|Any CPU.Build.0 = Debug|Any CPU
		{683EE978-8DDE-3FF0-CE2C-0CC4E59456EE}.Release|Any CPU.ActiveCfg = Release|Any CPU
		{683EE978-8DDE-3FF0-CE2C-0CC4E59456EE}.Release|Any CPU.Build.0 = Release|Any CPU
		{95B1311B-A718-03C7-960F-35300EA09C3E}.Debug|Any CPU.ActiveCfg = Debug|Any CPU
		{95B1311B-A718-03C7-960F-35300EA09C3E}.Debug|Any CPU.Build.0 = Debug|Any CPU
		{95B1311B-A718-03C7-960F-35300EA09C3E}.Release|Any CPU.ActiveCfg = Release|Any CPU
		{95B1311B-A718-03C7-960F-35300EA09C3E}.Release|Any CPU.Build.0 = Release|Any CPU
		{EA055475-4E3D-36F4-32FA-6422DAE78848}.Debug|Any CPU.ActiveCfg = Debug|Any CPU
		{EA055475-4E3D-36F4-32FA-6422DAE78848}.Debug|Any CPU.Build.0 = Debug|Any CPU
		{EA055475-4E3D-36F4-32FA-6422DAE78848}.Release|Any CPU.ActiveCfg = Release|Any CPU
		{EA055475-4E3D-36F4-32FA-6422DAE78848}.Release|Any CPU.Build.0 = Release|Any CPU
		{C297D35D-BE73-5926-BACB-5186C2ADE85E}.Debug|Any CPU.ActiveCfg = Debug|Any CPU
		{C297D35D-BE73-5926-BACB-5186C2ADE85E}.Debug|Any CPU.Build.0 = Debug|Any CPU
		{C297D35D-BE73-5926-BACB-5186C2ADE85E}.Release|Any CPU.ActiveCfg = Release|Any CPU
		{C297D35D-BE73-5926-BACB-5186C2ADE85E}.Release|Any CPU.Build.0 = Release|Any CPU
		{A32CC601-09F7-25F7-1252-DCF849D74983}.Debug|Any CPU.ActiveCfg = Debug|Any CPU
		{A32CC601-09F7-25F7-1252-DCF849D74983}.Debug|Any CPU.Build.0 = Debug|Any CPU
		{A32CC601-09F7-25F7-1252-DCF849D74983}.Release|Any CPU.ActiveCfg = Release|Any CPU
		{A32CC601-09F7-25F7-1252-DCF849D74983}.Release|Any CPU.Build.0 = Release|Any CPU
		{93A6EB7E-A7D1-D1D7-6C86-91DC802C262A}.Debug|Any CPU.ActiveCfg = Debug|Any CPU
		{93A6EB7E-A7D1-D1D7-6C86-91DC802C262A}.Debug|Any CPU.Build.0 = Debug|Any CPU
		{93A6EB7E-A7D1-D1D7-6C86-91DC802C262A}.Release|Any CPU.ActiveCfg = Release|Any CPU
		{93A6EB7E-A7D1-D1D7-6C86-91DC802C262A}.Release|Any CPU.Build.0 = Release|Any CPU
		{49AD13B6-818B-A53A-A810-E8EDB16D11E2}.Debug|Any CPU.ActiveCfg = Debug|Any CPU
		{49AD13B6-818B-A53A-A810-E8EDB16D11E2}.Debug|Any CPU.Build.0 = Debug|Any CPU
		{49AD13B6-818B-A53A-A810-E8EDB16D11E2}.Release|Any CPU.ActiveCfg = Release|Any CPU
		{49AD13B6-818B-A53A-A810-E8EDB16D11E2}.Release|Any CPU.Build.0 = Release|Any CPU
		{FABD3A02-1B12-7817-86D2-9E056740A67A}.Debug|Any CPU.ActiveCfg = Debug|Any CPU
		{FABD3A02-1B12-7817-86D2-9E056740A67A}.Debug|Any CPU.Build.0 = Debug|Any CPU
		{FABD3A02-1B12-7817-86D2-9E056740A67A}.Release|Any CPU.ActiveCfg = Release|Any CPU
		{FABD3A02-1B12-7817-86D2-9E056740A67A}.Release|Any CPU.Build.0 = Release|Any CPU
		{78040459-6670-40EC-A074-FEDC0F18DEA9}.Debug|Any CPU.ActiveCfg = Debug|Any CPU
		{78040459-6670-40EC-A074-FEDC0F18DEA9}.Debug|Any CPU.Build.0 = Debug|Any CPU
		{78040459-6670-40EC-A074-FEDC0F18DEA9}.Release|Any CPU.ActiveCfg = Release|Any CPU
		{78040459-6670-40EC-A074-FEDC0F18DEA9}.Release|Any CPU.Build.0 = Release|Any CPU
		{871241C2-AB04-2A4C-20CE-FBE4A0911063}.Debug|Any CPU.ActiveCfg = Debug|Any CPU
		{871241C2-AB04-2A4C-20CE-FBE4A0911063}.Debug|Any CPU.Build.0 = Debug|Any CPU
		{871241C2-AB04-2A4C-20CE-FBE4A0911063}.Release|Any CPU.ActiveCfg = Release|Any CPU
		{871241C2-AB04-2A4C-20CE-FBE4A0911063}.Release|Any CPU.Build.0 = Release|Any CPU
		{2F18AA88-5865-4A6C-AAE8-A5FBE25A4295}.Debug|Any CPU.ActiveCfg = Debug|Any CPU
		{2F18AA88-5865-4A6C-AAE8-A5FBE25A4295}.Debug|Any CPU.Build.0 = Debug|Any CPU
		{2F18AA88-5865-4A6C-AAE8-A5FBE25A4295}.Release|Any CPU.ActiveCfg = Release|Any CPU
		{2F18AA88-5865-4A6C-AAE8-A5FBE25A4295}.Release|Any CPU.Build.0 = Release|Any CPU
		{7D7E0DFE-552D-F930-23D5-01201D7EB590}.Debug|Any CPU.ActiveCfg = Debug|Any CPU
		{7D7E0DFE-552D-F930-23D5-01201D7EB590}.Debug|Any CPU.Build.0 = Debug|Any CPU
		{7D7E0DFE-552D-F930-23D5-01201D7EB590}.Release|Any CPU.ActiveCfg = Release|Any CPU
		{7D7E0DFE-552D-F930-23D5-01201D7EB590}.Release|Any CPU.Build.0 = Release|Any CPU
		{7AA73E41-D676-7817-8E95-CEBBF93452A8}.Debug|Any CPU.ActiveCfg = Debug|Any CPU
		{7AA73E41-D676-7817-8E95-CEBBF93452A8}.Debug|Any CPU.Build.0 = Debug|Any CPU
		{7AA73E41-D676-7817-8E95-CEBBF93452A8}.Release|Any CPU.ActiveCfg = Release|Any CPU
		{7AA73E41-D676-7817-8E95-CEBBF93452A8}.Release|Any CPU.Build.0 = Release|Any CPU
	EndGlobalSection
	GlobalSection(SolutionProperties) = preSolution
		HideSolutionNode = FALSE
	EndGlobalSection
EndGlobal
